// !$*UTF8*$!
{
	archiveVersion = 1;
	classes = {
	};
	objectVersion = 77;
	objects = {

/* Begin PBXBuildFile section */
		4495E0F42CFE59C300906E4B /* FirebaseAuth in Frameworks */ = {isa = PBXBuildFile; productRef = 4495E0F32CFE59C300906E4B /* FirebaseAuth */; };
		4495E0F62CFE59C300906E4B /* FirebaseFirestore in Frameworks */ = {isa = PBXBuildFile; productRef = 4495E0F52CFE59C300906E4B /* FirebaseFirestore */; };
/* End PBXBuildFile section */

/* Begin PBXContainerItemProxy section */
		4495E0D02CFE52C900906E4B /* PBXContainerItemProxy */ = {
			isa = PBXContainerItemProxy;
			containerPortal = 4495E0B22CFE52C600906E4B /* Project object */;
			proxyType = 1;
			remoteGlobalIDString = 4495E0B92CFE52C600906E4B;
			remoteInfo = Wanderly;
		};
		4495E0DA2CFE52C900906E4B /* PBXContainerItemProxy */ = {
			isa = PBXContainerItemProxy;
			containerPortal = 4495E0B22CFE52C600906E4B /* Project object */;
			proxyType = 1;
			remoteGlobalIDString = 4495E0B92CFE52C600906E4B;
			remoteInfo = Wanderly;
		};
/* End PBXContainerItemProxy section */

/* Begin PBXFileReference section */
		445FA3622D09DBD100BBFFD8 /* Wanderly.xcodeproj */ = {isa = PBXFileReference; lastKnownFileType = "wrapper.pb-project"; path = Wanderly.xcodeproj; sourceTree = SOURCE_ROOT; };
		4495E0BA2CFE52C600906E4B /* Wanderly.app */ = {isa = PBXFileReference; explicitFileType = wrapper.application; includeInIndex = 0; path = Wanderly.app; sourceTree = BUILT_PRODUCTS_DIR; };
		4495E0CF2CFE52C900906E4B /* WanderlyTests.xctest */ = {isa = PBXFileReference; explicitFileType = wrapper.cfbundle; includeInIndex = 0; path = WanderlyTests.xctest; sourceTree = BUILT_PRODUCTS_DIR; };
		4495E0D92CFE52C900906E4B /* WanderlyUITests.xctest */ = {isa = PBXFileReference; explicitFileType = wrapper.cfbundle; includeInIndex = 0; path = WanderlyUITests.xctest; sourceTree = BUILT_PRODUCTS_DIR; };
/* End PBXFileReference section */

/* Begin PBXFileSystemSynchronizedBuildFileExceptionSet section */
		4495E0F02CFE583E00906E4B /* Exceptions for "Wanderly" folder in "WanderlyTests" target */ = {
			isa = PBXFileSystemSynchronizedBuildFileExceptionSet;
			membershipExceptions = (
				"GoogleService-Info.plist",
			);
			target = 4495E0CE2CFE52C900906E4B /* WanderlyTests */;
		};
		4495E0F12CFE583E00906E4B /* Exceptions for "Wanderly" folder in "WanderlyUITests" target */ = {
			isa = PBXFileSystemSynchronizedBuildFileExceptionSet;
			membershipExceptions = (
				"GoogleService-Info.plist",
			);
			target = 4495E0D82CFE52C900906E4B /* WanderlyUITests */;
		};
/* End PBXFileSystemSynchronizedBuildFileExceptionSet section */

/* Begin PBXFileSystemSynchronizedRootGroup section */
		4495E0BC2CFE52C600906E4B /* Wanderly */ = {
			isa = PBXFileSystemSynchronizedRootGroup;
			exceptions = (
				4495E0F02CFE583E00906E4B /* Exceptions for "Wanderly" folder in "WanderlyTests" target */,
				4495E0F12CFE583E00906E4B /* Exceptions for "Wanderly" folder in "WanderlyUITests" target */,
			);
			path = Wanderly;
			sourceTree = "<group>";
		};
		4495E0D22CFE52C900906E4B /* WanderlyTests */ = {
			isa = PBXFileSystemSynchronizedRootGroup;
			path = WanderlyTests;
			sourceTree = "<group>";
		};
		4495E0DC2CFE52C900906E4B /* WanderlyUITests */ = {
			isa = PBXFileSystemSynchronizedRootGroup;
			path = WanderlyUITests;
			sourceTree = "<group>";
		};
/* End PBXFileSystemSynchronizedRootGroup section */

/* Begin PBXFrameworksBuildPhase section */
		4495E0B72CFE52C600906E4B /* Frameworks */ = {
			isa = PBXFrameworksBuildPhase;
			buildActionMask = 2147483647;
			files = (
				4495E0F42CFE59C300906E4B /* FirebaseAuth in Frameworks */,
				4495E0F62CFE59C300906E4B /* FirebaseFirestore in Frameworks */,
			);
			runOnlyForDeploymentPostprocessing = 0;
		};
		4495E0CC2CFE52C900906E4B /* Frameworks */ = {
			isa = PBXFrameworksBuildPhase;
			buildActionMask = 2147483647;
			files = (
			);
			runOnlyForDeploymentPostprocessing = 0;
		};
		4495E0D62CFE52C900906E4B /* Frameworks */ = {
			isa = PBXFrameworksBuildPhase;
			buildActionMask = 2147483647;
			files = (
			);
			runOnlyForDeploymentPostprocessing = 0;
		};
/* End PBXFrameworksBuildPhase section */

/* Begin PBXGroup section */
		445FA3A32D09DD0F00BBFFD8 /* Products */ = {
			isa = PBXGroup;
			name = Products;
			sourceTree = "<group>";
		};
		4495E0B12CFE52C600906E4B = {
			isa = PBXGroup;
			children = (
				445FA3622D09DBD100BBFFD8 /* Wanderly.xcodeproj */,
				4495E0BC2CFE52C600906E4B /* Wanderly */,
				4495E0D22CFE52C900906E4B /* WanderlyTests */,
				4495E0DC2CFE52C900906E4B /* WanderlyUITests */,
				4495E0BB2CFE52C600906E4B /* Products */,
			);
			sourceTree = "<group>";
		};
		4495E0BB2CFE52C600906E4B /* Products */ = {
			isa = PBXGroup;
			children = (
				4495E0BA2CFE52C600906E4B /* Wanderly.app */,
				4495E0CF2CFE52C900906E4B /* WanderlyTests.xctest */,
				4495E0D92CFE52C900906E4B /* WanderlyUITests.xctest */,
			);
			name = Products;
			sourceTree = "<group>";
		};
/* End PBXGroup section */

/* Begin PBXNativeTarget section */
		4495E0B92CFE52C600906E4B /* Wanderly */ = {
			isa = PBXNativeTarget;
			buildConfigurationList = 4495E0E32CFE52C900906E4B /* Build configuration list for PBXNativeTarget "Wanderly" */;
			buildPhases = (
				4495E0B62CFE52C600906E4B /* Sources */,
				4495E0B72CFE52C600906E4B /* Frameworks */,
				4495E0B82CFE52C600906E4B /* Resources */,
			);
			buildRules = (
			);
			dependencies = (
			);
			fileSystemSynchronizedGroups = (
				4495E0BC2CFE52C600906E4B /* Wanderly */,
			);
			name = Wanderly;
			packageProductDependencies = (
				4495E0F32CFE59C300906E4B /* FirebaseAuth */,
				4495E0F52CFE59C300906E4B /* FirebaseFirestore */,
			);
			productName = Wanderly;
			productReference = 4495E0BA2CFE52C600906E4B /* Wanderly.app */;
			productType = "com.apple.product-type.application";
		};
		4495E0CE2CFE52C900906E4B /* WanderlyTests */ = {
			isa = PBXNativeTarget;
			buildConfigurationList = 4495E0E62CFE52C900906E4B /* Build configuration list for PBXNativeTarget "WanderlyTests" */;
			buildPhases = (
				4495E0CB2CFE52C900906E4B /* Sources */,
				4495E0CC2CFE52C900906E4B /* Frameworks */,
				4495E0CD2CFE52C900906E4B /* Resources */,
			);
			buildRules = (
			);
			dependencies = (
				4495E0D12CFE52C900906E4B /* PBXTargetDependency */,
			);
			fileSystemSynchronizedGroups = (
				4495E0D22CFE52C900906E4B /* WanderlyTests */,
			);
			name = WanderlyTests;
			packageProductDependencies = (
			);
			productName = WanderlyTests;
			productReference = 4495E0CF2CFE52C900906E4B /* WanderlyTests.xctest */;
			productType = "com.apple.product-type.bundle.unit-test";
		};
		4495E0D82CFE52C900906E4B /* WanderlyUITests */ = {
			isa = PBXNativeTarget;
			buildConfigurationList = 4495E0E92CFE52C900906E4B /* Build configuration list for PBXNativeTarget "WanderlyUITests" */;
			buildPhases = (
				4495E0D52CFE52C900906E4B /* Sources */,
				4495E0D62CFE52C900906E4B /* Frameworks */,
				4495E0D72CFE52C900906E4B /* Resources */,
			);
			buildRules = (
			);
			dependencies = (
				4495E0DB2CFE52C900906E4B /* PBXTargetDependency */,
			);
			fileSystemSynchronizedGroups = (
				4495E0DC2CFE52C900906E4B /* WanderlyUITests */,
			);
			name = WanderlyUITests;
			packageProductDependencies = (
			);
			productName = WanderlyUITests;
			productReference = 4495E0D92CFE52C900906E4B /* WanderlyUITests.xctest */;
			productType = "com.apple.product-type.bundle.ui-testing";
		};
/* End PBXNativeTarget section */

/* Begin PBXProject section */
		4495E0B22CFE52C600906E4B /* Project object */ = {
			isa = PBXProject;
			attributes = {
				BuildIndependentTargetsInParallel = 1;
				LastSwiftUpdateCheck = 1610;
				LastUpgradeCheck = 1610;
				TargetAttributes = {
					4495E0B92CFE52C600906E4B = {
						CreatedOnToolsVersion = 16.1;
					};
					4495E0CE2CFE52C900906E4B = {
						CreatedOnToolsVersion = 16.1;
						TestTargetID = 4495E0B92CFE52C600906E4B;
					};
					4495E0D82CFE52C900906E4B = {
						CreatedOnToolsVersion = 16.1;
						TestTargetID = 4495E0B92CFE52C600906E4B;
					};
				};
			};
			buildConfigurationList = 4495E0B52CFE52C600906E4B /* Build configuration list for PBXProject "Wanderly" */;
			developmentRegion = en;
			hasScannedForEncodings = 0;
			knownRegions = (
				en,
				Base,
			);
			mainGroup = 4495E0B12CFE52C600906E4B;
			minimizedProjectReferenceProxies = 1;
			packageReferences = (
				4495E0F22CFE59C200906E4B /* XCRemoteSwiftPackageReference "firebase-ios-sdk" */,
			);
			preferredProjectObjectVersion = 77;
			productRefGroup = 4495E0BB2CFE52C600906E4B /* Products */;
			projectDirPath = "";
			projectReferences = (
				{
					ProductGroup = 445FA3A32D09DD0F00BBFFD8 /* Products */;
					ProjectRef = 445FA3622D09DBD100BBFFD8 /* Wanderly.xcodeproj */;
				},
			);
			projectRoot = "";
			targets = (
				4495E0B92CFE52C600906E4B /* Wanderly */,
				4495E0CE2CFE52C900906E4B /* WanderlyTests */,
				4495E0D82CFE52C900906E4B /* WanderlyUITests */,
			);
		};
/* End PBXProject section */

/* Begin PBXResourcesBuildPhase section */
		4495E0B82CFE52C600906E4B /* Resources */ = {
			isa = PBXResourcesBuildPhase;
			buildActionMask = 2147483647;
			files = (
			);
			runOnlyForDeploymentPostprocessing = 0;
		};
		4495E0CD2CFE52C900906E4B /* Resources */ = {
			isa = PBXResourcesBuildPhase;
			buildActionMask = 2147483647;
			files = (
			);
			runOnlyForDeploymentPostprocessing = 0;
		};
		4495E0D72CFE52C900906E4B /* Resources */ = {
			isa = PBXResourcesBuildPhase;
			buildActionMask = 2147483647;
			files = (
			);
			runOnlyForDeploymentPostprocessing = 0;
		};
/* End PBXResourcesBuildPhase section */

/* Begin PBXSourcesBuildPhase section */
		4495E0B62CFE52C600906E4B /* Sources */ = {
			isa = PBXSourcesBuildPhase;
			buildActionMask = 2147483647;
			files = (
			);
			runOnlyForDeploymentPostprocessing = 0;
		};
		4495E0CB2CFE52C900906E4B /* Sources */ = {
			isa = PBXSourcesBuildPhase;
			buildActionMask = 2147483647;
			files = (
			);
			runOnlyForDeploymentPostprocessing = 0;
		};
		4495E0D52CFE52C900906E4B /* Sources */ = {
			isa = PBXSourcesBuildPhase;
			buildActionMask = 2147483647;
			files = (
			);
			runOnlyForDeploymentPostprocessing = 0;
		};
/* End PBXSourcesBuildPhase section */

/* Begin PBXTargetDependency section */
		4495E0D12CFE52C900906E4B /* PBXTargetDependency */ = {
			isa = PBXTargetDependency;
			target = 4495E0B92CFE52C600906E4B /* Wanderly */;
			targetProxy = 4495E0D02CFE52C900906E4B /* PBXContainerItemProxy */;
		};
		4495E0DB2CFE52C900906E4B /* PBXTargetDependency */ = {
			isa = PBXTargetDependency;
			target = 4495E0B92CFE52C600906E4B /* Wanderly */;
			targetProxy = 4495E0DA2CFE52C900906E4B /* PBXContainerItemProxy */;
		};
/* End PBXTargetDependency section */

/* Begin XCBuildConfiguration section */
		4495E0E12CFE52C900906E4B /* Debug */ = {
			isa = XCBuildConfiguration;
			buildSettings = {
				ALWAYS_SEARCH_USER_PATHS = NO;
				ASSETCATALOG_COMPILER_GENERATE_SWIFT_ASSET_SYMBOL_EXTENSIONS = YES;
				CLANG_ANALYZER_NONNULL = YES;
				CLANG_ANALYZER_NUMBER_OBJECT_CONVERSION = YES_AGGRESSIVE;
				CLANG_CXX_LANGUAGE_STANDARD = "gnu++20";
				CLANG_ENABLE_MODULES = YES;
				CLANG_ENABLE_OBJC_ARC = YES;
				CLANG_ENABLE_OBJC_WEAK = YES;
				CLANG_WARN_BLOCK_CAPTURE_AUTORELEASING = YES;
				CLANG_WARN_BOOL_CONVERSION = YES;
				CLANG_WARN_COMMA = YES;
				CLANG_WARN_CONSTANT_CONVERSION = YES;
				CLANG_WARN_DEPRECATED_OBJC_IMPLEMENTATIONS = YES;
				CLANG_WARN_DIRECT_OBJC_ISA_USAGE = YES_ERROR;
				CLANG_WARN_DOCUMENTATION_COMMENTS = YES;
				CLANG_WARN_EMPTY_BODY = YES;
				CLANG_WARN_ENUM_CONVERSION = YES;
				CLANG_WARN_INFINITE_RECURSION = YES;
				CLANG_WARN_INT_CONVERSION = YES;
				CLANG_WARN_NON_LITERAL_NULL_CONVERSION = YES;
				CLANG_WARN_OBJC_IMPLICIT_RETAIN_SELF = YES;
				CLANG_WARN_OBJC_LITERAL_CONVERSION = YES;
				CLANG_WARN_OBJC_ROOT_CLASS = YES_ERROR;
				CLANG_WARN_QUOTED_INCLUDE_IN_FRAMEWORK_HEADER = YES;
				CLANG_WARN_RANGE_LOOP_ANALYSIS = YES;
				CLANG_WARN_STRICT_PROTOTYPES = YES;
				CLANG_WARN_SUSPICIOUS_MOVE = YES;
				CLANG_WARN_UNGUARDED_AVAILABILITY = YES_AGGRESSIVE;
				CLANG_WARN_UNREACHABLE_CODE = YES;
				CLANG_WARN__DUPLICATE_METHOD_MATCH = YES;
				COPY_PHASE_STRIP = NO;
				DEBUG_INFORMATION_FORMAT = dwarf;
				ENABLE_STRICT_OBJC_MSGSEND = YES;
				ENABLE_TESTABILITY = YES;
				ENABLE_USER_SCRIPT_SANDBOXING = YES;
				GCC_C_LANGUAGE_STANDARD = gnu17;
				GCC_DYNAMIC_NO_PIC = NO;
				GCC_NO_COMMON_BLOCKS = YES;
				GCC_OPTIMIZATION_LEVEL = 0;
				GCC_PREPROCESSOR_DEFINITIONS = (
					"DEBUG=1",
					"$(inherited)",
				);
				GCC_WARN_64_TO_32_BIT_CONVERSION = YES;
				GCC_WARN_ABOUT_RETURN_TYPE = YES_ERROR;
				GCC_WARN_UNDECLARED_SELECTOR = YES;
				GCC_WARN_UNINITIALIZED_AUTOS = YES_AGGRESSIVE;
				GCC_WARN_UNUSED_FUNCTION = YES;
				GCC_WARN_UNUSED_VARIABLE = YES;
				IPHONEOS_DEPLOYMENT_TARGET = 18.1;
				LOCALIZATION_PREFERS_STRING_CATALOGS = YES;
				MTL_ENABLE_DEBUG_INFO = INCLUDE_SOURCE;
				MTL_FAST_MATH = YES;
				ONLY_ACTIVE_ARCH = YES;
				SDKROOT = iphoneos;
				SWIFT_ACTIVE_COMPILATION_CONDITIONS = "DEBUG $(inherited)";
				SWIFT_OPTIMIZATION_LEVEL = "-Onone";
			};
			name = Debug;
		};
		4495E0E22CFE52C900906E4B /* Release */ = {
			isa = XCBuildConfiguration;
			buildSettings = {
				ALWAYS_SEARCH_USER_PATHS = NO;
				ASSETCATALOG_COMPILER_GENERATE_SWIFT_ASSET_SYMBOL_EXTENSIONS = YES;
				CLANG_ANALYZER_NONNULL = YES;
				CLANG_ANALYZER_NUMBER_OBJECT_CONVERSION = YES_AGGRESSIVE;
				CLANG_CXX_LANGUAGE_STANDARD = "gnu++20";
				CLANG_ENABLE_MODULES = YES;
				CLANG_ENABLE_OBJC_ARC = YES;
				CLANG_ENABLE_OBJC_WEAK = YES;
				CLANG_WARN_BLOCK_CAPTURE_AUTORELEASING = YES;
				CLANG_WARN_BOOL_CONVERSION = YES;
				CLANG_WARN_COMMA = YES;
				CLANG_WARN_CONSTANT_CONVERSION = YES;
				CLANG_WARN_DEPRECATED_OBJC_IMPLEMENTATIONS = YES;
				CLANG_WARN_DIRECT_OBJC_ISA_USAGE = YES_ERROR;
				CLANG_WARN_DOCUMENTATION_COMMENTS = YES;
				CLANG_WARN_EMPTY_BODY = YES;
				CLANG_WARN_ENUM_CONVERSION = YES;
				CLANG_WARN_INFINITE_RECURSION = YES;
				CLANG_WARN_INT_CONVERSION = YES;
				CLANG_WARN_NON_LITERAL_NULL_CONVERSION = YES;
				CLANG_WARN_OBJC_IMPLICIT_RETAIN_SELF = YES;
				CLANG_WARN_OBJC_LITERAL_CONVERSION = YES;
				CLANG_WARN_OBJC_ROOT_CLASS = YES_ERROR;
				CLANG_WARN_QUOTED_INCLUDE_IN_FRAMEWORK_HEADER = YES;
				CLANG_WARN_RANGE_LOOP_ANALYSIS = YES;
				CLANG_WARN_STRICT_PROTOTYPES = YES;
				CLANG_WARN_SUSPICIOUS_MOVE = YES;
				CLANG_WARN_UNGUARDED_AVAILABILITY = YES_AGGRESSIVE;
				CLANG_WARN_UNREACHABLE_CODE = YES;
				CLANG_WARN__DUPLICATE_METHOD_MATCH = YES;
				COPY_PHASE_STRIP = NO;
				DEBUG_INFORMATION_FORMAT = "dwarf-with-dsym";
				ENABLE_NS_ASSERTIONS = NO;
				ENABLE_STRICT_OBJC_MSGSEND = YES;
				ENABLE_USER_SCRIPT_SANDBOXING = YES;
				GCC_C_LANGUAGE_STANDARD = gnu17;
				GCC_NO_COMMON_BLOCKS = YES;
				GCC_WARN_64_TO_32_BIT_CONVERSION = YES;
				GCC_WARN_ABOUT_RETURN_TYPE = YES_ERROR;
				GCC_WARN_UNDECLARED_SELECTOR = YES;
				GCC_WARN_UNINITIALIZED_AUTOS = YES_AGGRESSIVE;
				GCC_WARN_UNUSED_FUNCTION = YES;
				GCC_WARN_UNUSED_VARIABLE = YES;
				IPHONEOS_DEPLOYMENT_TARGET = 18.1;
				LOCALIZATION_PREFERS_STRING_CATALOGS = YES;
				MTL_ENABLE_DEBUG_INFO = NO;
				MTL_FAST_MATH = YES;
				SDKROOT = iphoneos;
				SWIFT_COMPILATION_MODE = wholemodule;
				VALIDATE_PRODUCT = YES;
			};
			name = Release;
		};
		4495E0E42CFE52C900906E4B /* Debug */ = {
			isa = XCBuildConfiguration;
			buildSettings = {
				ASSETCATALOG_COMPILER_APPICON_NAME = AppIcon;
				ASSETCATALOG_COMPILER_GLOBAL_ACCENT_COLOR_NAME = AccentColor;
				CODE_SIGN_STYLE = Automatic;
				CURRENT_PROJECT_VERSION = 1;
				DEVELOPMENT_ASSET_PATHS = "\"Wanderly/Preview Content\"";
				DEVELOPMENT_TEAM = RJB6QCF548;
				ENABLE_PREVIEWS = YES;
				GENERATE_INFOPLIST_FILE = YES;
				INFOPLIST_KEY_UIApplicationSceneManifest_Generation = YES;
				INFOPLIST_KEY_UIApplicationSupportsIndirectInputEvents = YES;
				INFOPLIST_KEY_UILaunchScreen_Generation = YES;
				INFOPLIST_KEY_UISupportedInterfaceOrientations_iPad = "UIInterfaceOrientationPortrait UIInterfaceOrientationPortraitUpsideDown UIInterfaceOrientationLandscapeLeft UIInterfaceOrientationLandscapeRight";
				INFOPLIST_KEY_UISupportedInterfaceOrientations_iPhone = "UIInterfaceOrientationPortrait UIInterfaceOrientationLandscapeLeft UIInterfaceOrientationLandscapeRight";
				LD_RUNPATH_SEARCH_PATHS = (
					"$(inherited)",
					"@executable_path/Frameworks",
				);
				MARKETING_VERSION = 1.0;
				PRODUCT_BUNDLE_IDENTIFIER = com.dhrruv.Wanderly;
				PRODUCT_NAME = "$(TARGET_NAME)";
				SWIFT_EMIT_LOC_STRINGS = YES;
				SWIFT_VERSION = 5.0;
				TARGETED_DEVICE_FAMILY = "1,2";
			};
			name = Debug;
		};
		4495E0E52CFE52C900906E4B /* Release */ = {
			isa = XCBuildConfiguration;
			buildSettings = {
				ASSETCATALOG_COMPILER_APPICON_NAME = AppIcon;
				ASSETCATALOG_COMPILER_GLOBAL_ACCENT_COLOR_NAME = AccentColor;
				CODE_SIGN_STYLE = Automatic;
				CURRENT_PROJECT_VERSION = 1;
				DEVELOPMENT_ASSET_PATHS = "\"Wanderly/Preview Content\"";
				DEVELOPMENT_TEAM = RJB6QCF548;
				ENABLE_PREVIEWS = YES;
				GENERATE_INFOPLIST_FILE = YES;
				INFOPLIST_KEY_UIApplicationSceneManifest_Generation = YES;
				INFOPLIST_KEY_UIApplicationSupportsIndirectInputEvents = YES;
				INFOPLIST_KEY_UILaunchScreen_Generation = YES;
				INFOPLIST_KEY_UISupportedInterfaceOrientations_iPad = "UIInterfaceOrientationPortrait UIInterfaceOrientationPortraitUpsideDown UIInterfaceOrientationLandscapeLeft UIInterfaceOrientationLandscapeRight";
				INFOPLIST_KEY_UISupportedInterfaceOrientations_iPhone = "UIInterfaceOrientationPortrait UIInterfaceOrientationLandscapeLeft UIInterfaceOrientationLandscapeRight";
				LD_RUNPATH_SEARCH_PATHS = (
					"$(inherited)",
					"@executable_path/Frameworks",
				);
				MARKETING_VERSION = 1.0;
				PRODUCT_BUNDLE_IDENTIFIER = com.dhrruv.Wanderly;
				PRODUCT_NAME = "$(TARGET_NAME)";
				SWIFT_EMIT_LOC_STRINGS = YES;
				SWIFT_VERSION = 5.0;
				TARGETED_DEVICE_FAMILY = "1,2";
			};
			name = Release;
		};
		4495E0E72CFE52C900906E4B /* Debug */ = {
			isa = XCBuildConfiguration;
			buildSettings = {
				BUNDLE_LOADER = "$(TEST_HOST)";
				CODE_SIGN_STYLE = Automatic;
				CURRENT_PROJECT_VERSION = 1;
				GENERATE_INFOPLIST_FILE = YES;
				IPHONEOS_DEPLOYMENT_TARGET = 18.1;
				MARKETING_VERSION = 1.0;
				PRODUCT_BUNDLE_IDENTIFIER = com.dhrruv.WanderlyTests;
				PRODUCT_NAME = "$(TARGET_NAME)";
				SWIFT_EMIT_LOC_STRINGS = NO;
				SWIFT_VERSION = 5.0;
				TARGETED_DEVICE_FAMILY = "1,2";
				TEST_HOST = "$(BUILT_PRODUCTS_DIR)/Wanderly.app/$(BUNDLE_EXECUTABLE_FOLDER_PATH)/Wanderly";
			};
			name = Debug;
		};
		4495E0E82CFE52C900906E4B /* Release */ = {
			isa = XCBuildConfiguration;
			buildSettings = {
				BUNDLE_LOADER = "$(TEST_HOST)";
				CODE_SIGN_STYLE = Automatic;
				CURRENT_PROJECT_VERSION = 1;
				GENERATE_INFOPLIST_FILE = YES;
				IPHONEOS_DEPLOYMENT_TARGET = 18.1;
				MARKETING_VERSION = 1.0;
				PRODUCT_BUNDLE_IDENTIFIER = com.dhrruv.WanderlyTests;
				PRODUCT_NAME = "$(TARGET_NAME)";
				SWIFT_EMIT_LOC_STRINGS = NO;
				SWIFT_VERSION = 5.0;
				TARGETED_DEVICE_FAMILY = "1,2";
				TEST_HOST = "$(BUILT_PRODUCTS_DIR)/Wanderly.app/$(BUNDLE_EXECUTABLE_FOLDER_PATH)/Wanderly";
			};
			name = Release;
		};
		4495E0EA2CFE52C900906E4B /* Debug */ = {
			isa = XCBuildConfiguration;
			buildSettings = {
				CODE_SIGN_STYLE = Automatic;
				CURRENT_PROJECT_VERSION = 1;
				GENERATE_INFOPLIST_FILE = YES;
				MARKETING_VERSION = 1.0;
				PRODUCT_BUNDLE_IDENTIFIER = com.dhrruv.WanderlyUITests;
				PRODUCT_NAME = "$(TARGET_NAME)";
				SWIFT_EMIT_LOC_STRINGS = NO;
				SWIFT_VERSION = 5.0;
				TARGETED_DEVICE_FAMILY = "1,2";
				TEST_TARGET_NAME = Wanderly;
			};
			name = Debug;
		};
		4495E0EB2CFE52C900906E4B /* Release */ = {
			isa = XCBuildConfiguration;
			buildSettings = {
				CODE_SIGN_STYLE = Automatic;
				CURRENT_PROJECT_VERSION = 1;
				GENERATE_INFOPLIST_FILE = YES;
				MARKETING_VERSION = 1.0;
				PRODUCT_BUNDLE_IDENTIFIER = com.dhrruv.WanderlyUITests;
				PRODUCT_NAME = "$(TARGET_NAME)";
				SWIFT_EMIT_LOC_STRINGS = NO;
				SWIFT_VERSION = 5.0;
				TARGETED_DEVICE_FAMILY = "1,2";
				TEST_TARGET_NAME = Wanderly;
			};
			name = Release;
		};
/* End XCBuildConfiguration section */

/* Begin XCConfigurationList section */
		4495E0B52CFE52C600906E4B /* Build configuration list for PBXProject "Wanderly" */ = {
			isa = XCConfigurationList;
			buildConfigurations = (
				4495E0E12CFE52C900906E4B /* Debug */,
				4495E0E22CFE52C900906E4B /* Release */,
			);
			defaultConfigurationIsVisible = 0;
			defaultConfigurationName = Release;
		};
		4495E0E32CFE52C900906E4B /* Build configuration list for PBXNativeTarget "Wanderly" */ = {
			isa = XCConfigurationList;
			buildConfigurations = (
				4495E0E42CFE52C900906E4B /* Debug */,
				4495E0E52CFE52C900906E4B /* Release */,
			);
			defaultConfigurationIsVisible = 0;
			defaultConfigurationName = Release;
		};
		4495E0E62CFE52C900906E4B /* Build configuration list for PBXNativeTarget "WanderlyTests" */ = {
			isa = XCConfigurationList;
			buildConfigurations = (
				4495E0E72CFE52C900906E4B /* Debug */,
				4495E0E82CFE52C900906E4B /* Release */,
			);
			defaultConfigurationIsVisible = 0;
			defaultConfigurationName = Release;
		};
		4495E0E92CFE52C900906E4B /* Build configuration list for PBXNativeTarget "WanderlyUITests" */ = {
			isa = XCConfigurationList;
			buildConfigurations = (
				4495E0EA2CFE52C900906E4B /* Debug */,
				4495E0EB2CFE52C900906E4B /* Release */,
			);
			defaultConfigurationIsVisible = 0;
			defaultConfigurationName = Release;
		};
/* End XCConfigurationList section */

/* Begin XCRemoteSwiftPackageReference section */
		4495E0F22CFE59C200906E4B /* XCRemoteSwiftPackageReference "firebase-ios-sdk" */ = {
			isa = XCRemoteSwiftPackageReference;
			repositoryURL = "https://github.com/firebase/firebase-ios-sdk";
			requirement = {
				kind = upToNextMajorVersion;
				minimumVersion = 11.5.0;
			};
		};
/* End XCRemoteSwiftPackageReference section */

/* Begin XCSwiftPackageProductDependency section */
		4495E0F32CFE59C300906E4B /* FirebaseAuth */ = {
			isa = XCSwiftPackageProductDependency;
			package = 4495E0F22CFE59C200906E4B /* XCRemoteSwiftPackageReference "firebase-ios-sdk" */;
			productName = FirebaseAuth;
		};
		4495E0F52CFE59C300906E4B /* FirebaseFirestore */ = {
			isa = XCSwiftPackageProductDependency;
			package = 4495E0F22CFE59C200906E4B /* XCRemoteSwiftPackageReference "firebase-ios-sdk" */;
			productName = FirebaseFirestore;
		};
/* End XCSwiftPackageProductDependency section */
	};
	rootObject = 4495E0B22CFE52C600906E4B /* Project object */;
}
